// !$*UTF8*$!
{
	archiveVersion = 1;
	classes = {
	};
	objectVersion = 46;
	objects = {

/* Begin PBXBuildFile section */
		D17523FC1BDE60FA00533192 /* IDEFoundation.framework in Frameworks */ = {isa = PBXBuildFile; fileRef = D17523FB1BDE60F900533192 /* IDEFoundation.framework */; };
		D17523FE1BDE610A00533192 /* IDEKit.framework in Frameworks */ = {isa = PBXBuildFile; fileRef = D17523FD1BDE610900533192 /* IDEKit.framework */; };
		D17524001BDE612900533192 /* Cocoa.framework in Frameworks */ = {isa = PBXBuildFile; fileRef = D17523FF1BDE612800533192 /* Cocoa.framework */; };
		D17524021BDE614300533192 /* DVTFoundation.framework in Frameworks */ = {isa = PBXBuildFile; fileRef = D17524011BDE614100533192 /* DVTFoundation.framework */; };
		D17524041BDE615100533192 /* DVTKit.framework in Frameworks */ = {isa = PBXBuildFile; fileRef = D17524031BDE615000533192 /* DVTKit.framework */; };
		D182A6401BE3A95200AC46E3 /* XBookmarkPreferencesWindowController.m in Sources */ = {isa = PBXBuildFile; fileRef = D182A63E1BE3A95200AC46E3 /* XBookmarkPreferencesWindowController.m */; };
		D182A6411BE3A95200AC46E3 /* XBookmarkPreferencesWindowController.xib in Resources */ = {isa = PBXBuildFile; fileRef = D182A63F1BE3A95200AC46E3 /* XBookmarkPreferencesWindowController.xib */; };
		D182A65E1BE3C29300AC46E3 /* MASDictionaryTransformer.m in Sources */ = {isa = PBXBuildFile; fileRef = D182A6441BE3C29300AC46E3 /* MASDictionaryTransformer.m */; };
		D182A6601BE3C29300AC46E3 /* MASHotKey.m in Sources */ = {isa = PBXBuildFile; fileRef = D182A6471BE3C29300AC46E3 /* MASHotKey.m */; };
		D182A6621BE3C29300AC46E3 /* MASLocalization.m in Sources */ = {isa = PBXBuildFile; fileRef = D182A64B1BE3C29300AC46E3 /* MASLocalization.m */; };
		D182A6631BE3C29300AC46E3 /* MASShortcut.m in Sources */ = {isa = PBXBuildFile; fileRef = D182A64D1BE3C29300AC46E3 /* MASShortcut.m */; };
		D182A6641BE3C29300AC46E3 /* MASShortcutBinder.m in Sources */ = {isa = PBXBuildFile; fileRef = D182A6501BE3C29300AC46E3 /* MASShortcutBinder.m */; };
		D182A6661BE3C29300AC46E3 /* MASShortcutMonitor.m in Sources */ = {isa = PBXBuildFile; fileRef = D182A6531BE3C29300AC46E3 /* MASShortcutMonitor.m */; };
		D182A6691BE3C29300AC46E3 /* MASShortcutValidator.m in Sources */ = {isa = PBXBuildFile; fileRef = D182A6571BE3C29300AC46E3 /* MASShortcutValidator.m */; };
		D182A66A1BE3C29300AC46E3 /* MASShortcutView+Bindings.m in Sources */ = {isa = PBXBuildFile; fileRef = D182A6591BE3C29300AC46E3 /* MASShortcutView+Bindings.m */; };
		D182A66B1BE3C29300AC46E3 /* MASShortcutView.m in Sources */ = {isa = PBXBuildFile; fileRef = D182A65B1BE3C29300AC46E3 /* MASShortcutView.m */; };
		D182A6741BE3CF9900AC46E3 /* XBookmarkDefaults.m in Sources */ = {isa = PBXBuildFile; fileRef = D182A6731BE3CF9900AC46E3 /* XBookmarkDefaults.m */; };
		D182A67C1BE49DF300AC46E3 /* JRSwizzle.m in Sources */ = {isa = PBXBuildFile; fileRef = D182A67B1BE49DF300AC46E3 /* JRSwizzle.m */; };
		D182A67F1BE4A0BB00AC46E3 /* DVTTextSidebarView+XBookmark.m in Sources */ = {isa = PBXBuildFile; fileRef = D182A67E1BE4A0BB00AC46E3 /* DVTTextSidebarView+XBookmark.m */; };
		D1B081091BB5B471007B4821 /* AppKit.framework in Frameworks */ = {isa = PBXBuildFile; fileRef = D1B081081BB5B471007B4821 /* AppKit.framework */; };
		D1B0810B1BB5B471007B4821 /* Foundation.framework in Frameworks */ = {isa = PBXBuildFile; fileRef = D1B0810A1BB5B471007B4821 /* Foundation.framework */; };
		D1B0810F1BB5B471007B4821 /* XBookmark.xcscheme in Resources */ = {isa = PBXBuildFile; fileRef = D1B0810E1BB5B471007B4821 /* XBookmark.xcscheme */; };
		D1B081121BB5B471007B4821 /* XBookmark.m in Sources */ = {isa = PBXBuildFile; fileRef = D1B081111BB5B471007B4821 /* XBookmark.m */; };
		D1B081151BB5B471007B4821 /* NSObject_Extension.m in Sources */ = {isa = PBXBuildFile; fileRef = D1B081141BB5B471007B4821 /* NSObject_Extension.m */; };
		D1B0811E1BB9A6B0007B4821 /* XBookmarkUtil.m in Sources */ = {isa = PBXBuildFile; fileRef = D1B0811D1BB9A6B0007B4821 /* XBookmarkUtil.m */; };
		D1E7A73F1BBE90A800E7AC2B /* XBookmarkModel.m in Sources */ = {isa = PBXBuildFile; fileRef = D1E7A73E1BBE90A800E7AC2B /* XBookmarkModel.m */; };
		D1E7A7431BBECB4600E7AC2B /* XBookmarkWindowController.m in Sources */ = {isa = PBXBuildFile; fileRef = D1E7A7411BBECB4600E7AC2B /* XBookmarkWindowController.m */; };
		D1E7A7441BBECB4600E7AC2B /* XBookmarkWindowController.xib in Resources */ = {isa = PBXBuildFile; fileRef = D1E7A7421BBECB4600E7AC2B /* XBookmarkWindowController.xib */; };
/* End PBXBuildFile section */

/* Begin PBXFileReference section */
		CBD8C56E1E14B48200D3C7EE /* DVTTextSidebarView.h */ = {isa = PBXFileReference; lastKnownFileType = sourcecode.c.h; path = DVTTextSidebarView.h; sourceTree = "<group>"; };
		D149A46A1BDE5A720009F581 /* DVTFoundation.h */ = {isa = PBXFileReference; fileEncoding = 4; lastKnownFileType = sourcecode.c.h; path = DVTFoundation.h; sourceTree = "<group>"; };
		D149A46B1BDE5A720009F581 /* DVTKit.h */ = {isa = PBXFileReference; fileEncoding = 4; lastKnownFileType = sourcecode.c.h; path = DVTKit.h; sourceTree = "<group>"; };
		D149A46C1BDE5A720009F581 /* IDEFoundation.h */ = {isa = PBXFileReference; fileEncoding = 4; lastKnownFileType = sourcecode.c.h; path = IDEFoundation.h; sourceTree = "<group>"; };
		D149A46D1BDE5A720009F581 /* IDEKit.h */ = {isa = PBXFileReference; fileEncoding = 4; lastKnownFileType = sourcecode.c.h; path = IDEKit.h; sourceTree = "<group>"; };
		D149A46E1BDE5A720009F581 /* IDESourceEditor.h */ = {isa = PBXFileReference; fileEncoding = 4; lastKnownFileType = sourcecode.c.h; path = IDESourceEditor.h; sourceTree = "<group>"; };
		D17523F91BDE60D800533192 /* DevToolsCore.framework */ = {isa = PBXFileReference; lastKnownFileType = wrapper.framework; name = DevToolsCore.framework; path = ../../../../Applications/Xcode.app/Contents/OtherFrameworks/DevToolsCore.framework; sourceTree = "<group>"; };
		D17523FB1BDE60F900533192 /* IDEFoundation.framework */ = {isa = PBXFileReference; lastKnownFileType = wrapper.framework; name = IDEFoundation.framework; path = ../../../../Applications/Xcode.app/Contents/Frameworks/IDEFoundation.framework; sourceTree = "<group>"; };
		D17523FD1BDE610900533192 /* IDEKit.framework */ = {isa = PBXFileReference; lastKnownFileType = wrapper.framework; name = IDEKit.framework; path = ../../../../Applications/Xcode.app/Contents/Frameworks/IDEKit.framework; sourceTree = "<group>"; };
		D17523FF1BDE612800533192 /* Cocoa.framework */ = {isa = PBXFileReference; lastKnownFileType = wrapper.framework; name = Cocoa.framework; path = System/Library/Frameworks/Cocoa.framework; sourceTree = SDKROOT; };
		D17524011BDE614100533192 /* DVTFoundation.framework */ = {isa = PBXFileReference; lastKnownFileType = wrapper.framework; name = DVTFoundation.framework; path = ../../../../Applications/Xcode.app/Contents/SharedFrameworks/DVTFoundation.framework; sourceTree = "<group>"; };
		D17524031BDE615000533192 /* DVTKit.framework */ = {isa = PBXFileReference; lastKnownFileType = wrapper.framework; name = DVTKit.framework; path = ../../../../Applications/Xcode.app/Contents/SharedFrameworks/DVTKit.framework; sourceTree = "<group>"; };
		D182A63D1BE3A95200AC46E3 /* XBookmarkPreferencesWindowController.h */ = {isa = PBXFileReference; fileEncoding = 4; lastKnownFileType = sourcecode.c.h; path = XBookmarkPreferencesWindowController.h; sourceTree = "<group>"; };
		D182A63E1BE3A95200AC46E3 /* XBookmarkPreferencesWindowController.m */ = {isa = PBXFileReference; fileEncoding = 4; lastKnownFileType = sourcecode.c.objc; path = XBookmarkPreferencesWindowController.m; sourceTree = "<group>"; };
		D182A63F1BE3A95200AC46E3 /* XBookmarkPreferencesWindowController.xib */ = {isa = PBXFileReference; fileEncoding = 4; lastKnownFileType = file.xib; path = XBookmarkPreferencesWindowController.xib; sourceTree = "<group>"; };
		D182A6431BE3C29300AC46E3 /* MASDictionaryTransformer.h */ = {isa = PBXFileReference; fileEncoding = 4; lastKnownFileType = sourcecode.c.h; path = MASDictionaryTransformer.h; sourceTree = "<group>"; };
		D182A6441BE3C29300AC46E3 /* MASDictionaryTransformer.m */ = {isa = PBXFileReference; fileEncoding = 4; lastKnownFileType = sourcecode.c.objc; path = MASDictionaryTransformer.m; sourceTree = "<group>"; };
		D182A6461BE3C29300AC46E3 /* MASHotKey.h */ = {isa = PBXFileReference; fileEncoding = 4; lastKnownFileType = sourcecode.c.h; path = MASHotKey.h; sourceTree = "<group>"; };
		D182A6471BE3C29300AC46E3 /* MASHotKey.m */ = {isa = PBXFileReference; fileEncoding = 4; lastKnownFileType = sourcecode.c.objc; path = MASHotKey.m; sourceTree = "<group>"; };
		D182A6491BE3C29300AC46E3 /* MASKeyCodes.h */ = {isa = PBXFileReference; fileEncoding = 4; lastKnownFileType = sourcecode.c.h; path = MASKeyCodes.h; sourceTree = "<group>"; };
		D182A64A1BE3C29300AC46E3 /* MASLocalization.h */ = {isa = PBXFileReference; fileEncoding = 4; lastKnownFileType = sourcecode.c.h; path = MASLocalization.h; sourceTree = "<group>"; };
		D182A64B1BE3C29300AC46E3 /* MASLocalization.m */ = {isa = PBXFileReference; fileEncoding = 4; lastKnownFileType = sourcecode.c.objc; path = MASLocalization.m; sourceTree = "<group>"; };
		D182A64C1BE3C29300AC46E3 /* MASShortcut.h */ = {isa = PBXFileReference; fileEncoding = 4; lastKnownFileType = sourcecode.c.h; path = MASShortcut.h; sourceTree = "<group>"; };
		D182A64D1BE3C29300AC46E3 /* MASShortcut.m */ = {isa = PBXFileReference; fileEncoding = 4; lastKnownFileType = sourcecode.c.objc; path = MASShortcut.m; sourceTree = "<group>"; };
		D182A64F1BE3C29300AC46E3 /* MASShortcutBinder.h */ = {isa = PBXFileReference; fileEncoding = 4; lastKnownFileType = sourcecode.c.h; path = MASShortcutBinder.h; sourceTree = "<group>"; };
		D182A6501BE3C29300AC46E3 /* MASShortcutBinder.m */ = {isa = PBXFileReference; fileEncoding = 4; lastKnownFileType = sourcecode.c.objc; path = MASShortcutBinder.m; sourceTree = "<group>"; };
		D182A6521BE3C29300AC46E3 /* MASShortcutMonitor.h */ = {isa = PBXFileReference; fileEncoding = 4; lastKnownFileType = sourcecode.c.h; path = MASShortcutMonitor.h; sourceTree = "<group>"; };
		D182A6531BE3C29300AC46E3 /* MASShortcutMonitor.m */ = {isa = PBXFileReference; fileEncoding = 4; lastKnownFileType = sourcecode.c.objc; path = MASShortcutMonitor.m; sourceTree = "<group>"; };
		D182A6561BE3C29300AC46E3 /* MASShortcutValidator.h */ = {isa = PBXFileReference; fileEncoding = 4; lastKnownFileType = sourcecode.c.h; path = MASShortcutValidator.h; sourceTree = "<group>"; };
		D182A6571BE3C29300AC46E3 /* MASShortcutValidator.m */ = {isa = PBXFileReference; fileEncoding = 4; lastKnownFileType = sourcecode.c.objc; path = MASShortcutValidator.m; sourceTree = "<group>"; };
		D182A6581BE3C29300AC46E3 /* MASShortcutView+Bindings.h */ = {isa = PBXFileReference; fileEncoding = 4; lastKnownFileType = sourcecode.c.h; path = "MASShortcutView+Bindings.h"; sourceTree = "<group>"; };
		D182A6591BE3C29300AC46E3 /* MASShortcutView+Bindings.m */ = {isa = PBXFileReference; fileEncoding = 4; lastKnownFileType = sourcecode.c.objc; path = "MASShortcutView+Bindings.m"; sourceTree = "<group>"; };
		D182A65A1BE3C29300AC46E3 /* MASShortcutView.h */ = {isa = PBXFileReference; fileEncoding = 4; lastKnownFileType = sourcecode.c.h; path = MASShortcutView.h; sourceTree = "<group>"; };
		D182A65B1BE3C29300AC46E3 /* MASShortcutView.m */ = {isa = PBXFileReference; fileEncoding = 4; lastKnownFileType = sourcecode.c.objc; path = MASShortcutView.m; sourceTree = "<group>"; };
		D182A65D1BE3C29300AC46E3 /* Shortcut.h */ = {isa = PBXFileReference; fileEncoding = 4; lastKnownFileType = sourcecode.c.h; path = Shortcut.h; sourceTree = "<group>"; };
		D182A66C1BE3C32700AC46E3 /* PrefixHeader.pch */ = {isa = PBXFileReference; fileEncoding = 4; lastKnownFileType = sourcecode.c.h; path = PrefixHeader.pch; sourceTree = "<group>"; };
		D182A6721BE3CF9900AC46E3 /* XBookmarkDefaults.h */ = {isa = PBXFileReference; fileEncoding = 4; lastKnownFileType = sourcecode.c.h; path = XBookmarkDefaults.h; sourceTree = "<group>"; };
		D182A6731BE3CF9900AC46E3 /* XBookmarkDefaults.m */ = {isa = PBXFileReference; fileEncoding = 4; lastKnownFileType = sourcecode.c.objc; path = XBookmarkDefaults.m; sourceTree = "<group>"; };
		D182A67A1BE49DF300AC46E3 /* JRSwizzle.h */ = {isa = PBXFileReference; fileEncoding = 4; lastKnownFileType = sourcecode.c.h; path = JRSwizzle.h; sourceTree = "<group>"; };
		D182A67B1BE49DF300AC46E3 /* JRSwizzle.m */ = {isa = PBXFileReference; fileEncoding = 4; lastKnownFileType = sourcecode.c.objc; path = JRSwizzle.m; sourceTree = "<group>"; };
		D182A67D1BE4A0BB00AC46E3 /* DVTTextSidebarView+XBookmark.h */ = {isa = PBXFileReference; fileEncoding = 4; lastKnownFileType = sourcecode.c.h; path = "DVTTextSidebarView+XBookmark.h"; sourceTree = "<group>"; };
		D182A67E1BE4A0BB00AC46E3 /* DVTTextSidebarView+XBookmark.m */ = {isa = PBXFileReference; fileEncoding = 4; lastKnownFileType = sourcecode.c.objc; path = "DVTTextSidebarView+XBookmark.m"; sourceTree = "<group>"; };
		D1B081051BB5B471007B4821 /* XBookmark.xcplugin */ = {isa = PBXFileReference; explicitFileType = wrapper.cfbundle; includeInIndex = 0; path = XBookmark.xcplugin; sourceTree = BUILT_PRODUCTS_DIR; };
		D1B081081BB5B471007B4821 /* AppKit.framework */ = {isa = PBXFileReference; lastKnownFileType = wrapper.framework; name = AppKit.framework; path = /System/Library/Frameworks/AppKit.framework; sourceTree = "<absolute>"; };
		D1B0810A1BB5B471007B4821 /* Foundation.framework */ = {isa = PBXFileReference; lastKnownFileType = wrapper.framework; name = Foundation.framework; path = /System/Library/Frameworks/Foundation.framework; sourceTree = "<absolute>"; };
		D1B0810E1BB5B471007B4821 /* XBookmark.xcscheme */ = {isa = PBXFileReference; lastKnownFileType = text.xml; name = XBookmark.xcscheme; path = XBookmark.xcodeproj/xcshareddata/xcschemes/XBookmark.xcscheme; sourceTree = SOURCE_ROOT; };
		D1B081101BB5B471007B4821 /* XBookmark.h */ = {isa = PBXFileReference; lastKnownFileType = sourcecode.c.h; path = XBookmark.h; sourceTree = "<group>"; };
		D1B081111BB5B471007B4821 /* XBookmark.m */ = {isa = PBXFileReference; lastKnownFileType = sourcecode.c.objc; path = XBookmark.m; sourceTree = "<group>"; };
		D1B081131BB5B471007B4821 /* NSObject_Extension.h */ = {isa = PBXFileReference; lastKnownFileType = sourcecode.c.h; path = NSObject_Extension.h; sourceTree = "<group>"; };
		D1B081141BB5B471007B4821 /* NSObject_Extension.m */ = {isa = PBXFileReference; lastKnownFileType = sourcecode.c.objc; path = NSObject_Extension.m; sourceTree = "<group>"; };
		D1B081161BB5B471007B4821 /* Info.plist */ = {isa = PBXFileReference; lastKnownFileType = text.plist.xml; path = Info.plist; sourceTree = "<group>"; };
		D1B0811C1BB9A6B0007B4821 /* XBookmarkUtil.h */ = {isa = PBXFileReference; fileEncoding = 4; lastKnownFileType = sourcecode.c.h; path = XBookmarkUtil.h; sourceTree = "<group>"; };
		D1B0811D1BB9A6B0007B4821 /* XBookmarkUtil.m */ = {isa = PBXFileReference; fileEncoding = 4; lastKnownFileType = sourcecode.c.objc; path = XBookmarkUtil.m; sourceTree = "<group>"; };
		D1E7A73D1BBE90A800E7AC2B /* XBookmarkModel.h */ = {isa = PBXFileReference; fileEncoding = 4; lastKnownFileType = sourcecode.c.h; path = XBookmarkModel.h; sourceTree = "<group>"; };
		D1E7A73E1BBE90A800E7AC2B /* XBookmarkModel.m */ = {isa = PBXFileReference; fileEncoding = 4; lastKnownFileType = sourcecode.c.objc; path = XBookmarkModel.m; sourceTree = "<group>"; };
		D1E7A7401BBECB4600E7AC2B /* XBookmarkWindowController.h */ = {isa = PBXFileReference; fileEncoding = 4; lastKnownFileType = sourcecode.c.h; path = XBookmarkWindowController.h; sourceTree = "<group>"; };
		D1E7A7411BBECB4600E7AC2B /* XBookmarkWindowController.m */ = {isa = PBXFileReference; fileEncoding = 4; lastKnownFileType = sourcecode.c.objc; path = XBookmarkWindowController.m; sourceTree = "<group>"; };
		D1E7A7421BBECB4600E7AC2B /* XBookmarkWindowController.xib */ = {isa = PBXFileReference; fileEncoding = 4; lastKnownFileType = file.xib; path = XBookmarkWindowController.xib; sourceTree = "<group>"; };
		D1E7A7451BC0330400E7AC2B /* README.md */ = {isa = PBXFileReference; lastKnownFileType = net.daringfireball.markdown; path = README.md; sourceTree = "<group>"; };
/* End PBXFileReference section */

/* Begin PBXFrameworksBuildPhase section */
		D1B081031BB5B471007B4821 /* Frameworks */ = {
			isa = PBXFrameworksBuildPhase;
			buildActionMask = 2147483647;
			files = (
				D1B081091BB5B471007B4821 /* AppKit.framework in Frameworks */,
				D1B0810B1BB5B471007B4821 /* Foundation.framework in Frameworks */,
				D17523FC1BDE60FA00533192 /* IDEFoundation.framework in Frameworks */,
				D17523FE1BDE610A00533192 /* IDEKit.framework in Frameworks */,
				D17524001BDE612900533192 /* Cocoa.framework in Frameworks */,
				D17524021BDE614300533192 /* DVTFoundation.framework in Frameworks */,
				D17524041BDE615100533192 /* DVTKit.framework in Frameworks */,
			);
			runOnlyForDeploymentPostprocessing = 0;
		};
/* End PBXFrameworksBuildPhase section */

/* Begin PBXGroup section */
		D149A4691BDE5A720009F581 /* XcodeHeaders */ = {
			isa = PBXGroup;
			children = (
				D149A46A1BDE5A720009F581 /* DVTFoundation.h */,
				D149A46B1BDE5A720009F581 /* DVTKit.h */,
				D149A46C1BDE5A720009F581 /* IDEFoundation.h */,
				D149A46D1BDE5A720009F581 /* IDEKit.h */,
				D149A46E1BDE5A720009F581 /* IDESourceEditor.h */,
				CBD8C56E1E14B48200D3C7EE /* DVTTextSidebarView.h */,
			);
			path = XcodeHeaders;
			sourceTree = "<group>";
		};
		D182A6421BE3C29300AC46E3 /* MASShortcut */ = {
			isa = PBXGroup;
			children = (
				D182A6431BE3C29300AC46E3 /* MASDictionaryTransformer.h */,
				D182A6441BE3C29300AC46E3 /* MASDictionaryTransformer.m */,
				D182A6461BE3C29300AC46E3 /* MASHotKey.h */,
				D182A6471BE3C29300AC46E3 /* MASHotKey.m */,
				D182A6491BE3C29300AC46E3 /* MASKeyCodes.h */,
				D182A64A1BE3C29300AC46E3 /* MASLocalization.h */,
				D182A64B1BE3C29300AC46E3 /* MASLocalization.m */,
				D182A64C1BE3C29300AC46E3 /* MASShortcut.h */,
				D182A64D1BE3C29300AC46E3 /* MASShortcut.m */,
				D182A64F1BE3C29300AC46E3 /* MASShortcutBinder.h */,
				D182A6501BE3C29300AC46E3 /* MASShortcutBinder.m */,
				D182A6521BE3C29300AC46E3 /* MASShortcutMonitor.h */,
				D182A6531BE3C29300AC46E3 /* MASShortcutMonitor.m */,
				D182A6561BE3C29300AC46E3 /* MASShortcutValidator.h */,
				D182A6571BE3C29300AC46E3 /* MASShortcutValidator.m */,
				D182A6581BE3C29300AC46E3 /* MASShortcutView+Bindings.h */,
				D182A6591BE3C29300AC46E3 /* MASShortcutView+Bindings.m */,
				D182A65A1BE3C29300AC46E3 /* MASShortcutView.h */,
				D182A65B1BE3C29300AC46E3 /* MASShortcutView.m */,
				D182A65D1BE3C29300AC46E3 /* Shortcut.h */,
			);
			path = MASShortcut;
			sourceTree = "<group>";
		};
		D182A6791BE49DF300AC46E3 /* JRSwizzle */ = {
			isa = PBXGroup;
			children = (
				D182A67A1BE49DF300AC46E3 /* JRSwizzle.h */,
				D182A67B1BE49DF300AC46E3 /* JRSwizzle.m */,
			);
			path = JRSwizzle;
			sourceTree = "<group>";
		};
		D1B080FC1BB5B471007B4821 = {
			isa = PBXGroup;
			children = (
				D1E7A7451BC0330400E7AC2B /* README.md */,
				D1B0810C1BB5B471007B4821 /* XBookmark */,
				D1B081071BB5B471007B4821 /* Frameworks */,
				D1B081061BB5B471007B4821 /* Products */,
			);
			sourceTree = "<group>";
		};
		D1B081061BB5B471007B4821 /* Products */ = {
			isa = PBXGroup;
			children = (
				D1B081051BB5B471007B4821 /* XBookmark.xcplugin */,
			);
			name = Products;
			sourceTree = "<group>";
		};
		D1B081071BB5B471007B4821 /* Frameworks */ = {
			isa = PBXGroup;
			children = (
				D17524031BDE615000533192 /* DVTKit.framework */,
				D17524011BDE614100533192 /* DVTFoundation.framework */,
				D17523FF1BDE612800533192 /* Cocoa.framework */,
				D17523FD1BDE610900533192 /* IDEKit.framework */,
				D17523FB1BDE60F900533192 /* IDEFoundation.framework */,
				D17523F91BDE60D800533192 /* DevToolsCore.framework */,
				D1B081081BB5B471007B4821 /* AppKit.framework */,
				D1B0810A1BB5B471007B4821 /* Foundation.framework */,
			);
			name = Frameworks;
			sourceTree = "<group>";
		};
		D1B0810C1BB5B471007B4821 /* XBookmark */ = {
			isa = PBXGroup;
			children = (
				D182A6791BE49DF300AC46E3 /* JRSwizzle */,
				D182A6421BE3C29300AC46E3 /* MASShortcut */,
				D149A4691BDE5A720009F581 /* XcodeHeaders */,
				D1B081101BB5B471007B4821 /* XBookmark.h */,
				D1B081111BB5B471007B4821 /* XBookmark.m */,
				D1B081131BB5B471007B4821 /* NSObject_Extension.h */,
				D1B081141BB5B471007B4821 /* NSObject_Extension.m */,
				D1B081161BB5B471007B4821 /* Info.plist */,
				D1B0810D1BB5B471007B4821 /* Supporting Files */,
				D1B0811C1BB9A6B0007B4821 /* XBookmarkUtil.h */,
				D1B0811D1BB9A6B0007B4821 /* XBookmarkUtil.m */,
				D1E7A73D1BBE90A800E7AC2B /* XBookmarkModel.h */,
				D1E7A73E1BBE90A800E7AC2B /* XBookmarkModel.m */,
				D1E7A7401BBECB4600E7AC2B /* XBookmarkWindowController.h */,
				D1E7A7411BBECB4600E7AC2B /* XBookmarkWindowController.m */,
				D1E7A7421BBECB4600E7AC2B /* XBookmarkWindowController.xib */,
				D182A63D1BE3A95200AC46E3 /* XBookmarkPreferencesWindowController.h */,
				D182A63E1BE3A95200AC46E3 /* XBookmarkPreferencesWindowController.m */,
				D182A63F1BE3A95200AC46E3 /* XBookmarkPreferencesWindowController.xib */,
				D182A6721BE3CF9900AC46E3 /* XBookmarkDefaults.h */,
				D182A6731BE3CF9900AC46E3 /* XBookmarkDefaults.m */,
				D182A67D1BE4A0BB00AC46E3 /* DVTTextSidebarView+XBookmark.h */,
				D182A67E1BE4A0BB00AC46E3 /* DVTTextSidebarView+XBookmark.m */,
			);
			path = XBookmark;
			sourceTree = "<group>";
		};
		D1B0810D1BB5B471007B4821 /* Supporting Files */ = {
			isa = PBXGroup;
			children = (
				D1B0810E1BB5B471007B4821 /* XBookmark.xcscheme */,
				D182A66C1BE3C32700AC46E3 /* PrefixHeader.pch */,
			);
			name = "Supporting Files";
			sourceTree = "<group>";
		};
/* End PBXGroup section */

/* Begin PBXNativeTarget section */
		D1B081041BB5B471007B4821 /* XBookmark */ = {
			isa = PBXNativeTarget;
			buildConfigurationList = D1B081191BB5B471007B4821 /* Build configuration list for PBXNativeTarget "XBookmark" */;
			buildPhases = (
				D1B081011BB5B471007B4821 /* Sources */,
				D1B081021BB5B471007B4821 /* Resources */,
				D1B081031BB5B471007B4821 /* Frameworks */,
			);
			buildRules = (
			);
			dependencies = (
			);
			name = XBookmark;
			productName = XBookmark;
			productReference = D1B081051BB5B471007B4821 /* XBookmark.xcplugin */;
			productType = "com.apple.product-type.bundle";
		};
/* End PBXNativeTarget section */

/* Begin PBXProject section */
		D1B080FD1BB5B471007B4821 /* Project object */ = {
			isa = PBXProject;
			attributes = {
				LastUpgradeCheck = 0700;
				ORGANIZATIONNAME = everettjf;
				TargetAttributes = {
					D1B081041BB5B471007B4821 = {
						CreatedOnToolsVersion = 7.0;
					};
				};
			};
			buildConfigurationList = D1B081001BB5B471007B4821 /* Build configuration list for PBXProject "XBookmark" */;
			compatibilityVersion = "Xcode 3.2";
			developmentRegion = English;
			hasScannedForEncodings = 0;
			knownRegions = (
				en,
			);
			mainGroup = D1B080FC1BB5B471007B4821;
			productRefGroup = D1B081061BB5B471007B4821 /* Products */;
			projectDirPath = "";
			projectRoot = "";
			targets = (
				D1B081041BB5B471007B4821 /* XBookmark */,
			);
		};
/* End PBXProject section */

/* Begin PBXResourcesBuildPhase section */
		D1B081021BB5B471007B4821 /* Resources */ = {
			isa = PBXResourcesBuildPhase;
			buildActionMask = 2147483647;
			files = (
				D1E7A7441BBECB4600E7AC2B /* XBookmarkWindowController.xib in Resources */,
				D182A6411BE3A95200AC46E3 /* XBookmarkPreferencesWindowController.xib in Resources */,
				D1B0810F1BB5B471007B4821 /* XBookmark.xcscheme in Resources */,
			);
			runOnlyForDeploymentPostprocessing = 0;
		};
/* End PBXResourcesBuildPhase section */

/* Begin PBXSourcesBuildPhase section */
		D1B081011BB5B471007B4821 /* Sources */ = {
			isa = PBXSourcesBuildPhase;
			buildActionMask = 2147483647;
			files = (
				D182A66B1BE3C29300AC46E3 /* MASShortcutView.m in Sources */,
				D1B081121BB5B471007B4821 /* XBookmark.m in Sources */,
				D182A6601BE3C29300AC46E3 /* MASHotKey.m in Sources */,
				D182A6641BE3C29300AC46E3 /* MASShortcutBinder.m in Sources */,
				D182A6741BE3CF9900AC46E3 /* XBookmarkDefaults.m in Sources */,
				D1B081151BB5B471007B4821 /* NSObject_Extension.m in Sources */,
				D182A6621BE3C29300AC46E3 /* MASLocalization.m in Sources */,
				D1E7A73F1BBE90A800E7AC2B /* XBookmarkModel.m in Sources */,
				D182A66A1BE3C29300AC46E3 /* MASShortcutView+Bindings.m in Sources */,
				D182A6631BE3C29300AC46E3 /* MASShortcut.m in Sources */,
				D1E7A7431BBECB4600E7AC2B /* XBookmarkWindowController.m in Sources */,
				D1B0811E1BB9A6B0007B4821 /* XBookmarkUtil.m in Sources */,
				D182A67F1BE4A0BB00AC46E3 /* DVTTextSidebarView+XBookmark.m in Sources */,
				D182A65E1BE3C29300AC46E3 /* MASDictionaryTransformer.m in Sources */,
				D182A6661BE3C29300AC46E3 /* MASShortcutMonitor.m in Sources */,
				D182A6691BE3C29300AC46E3 /* MASShortcutValidator.m in Sources */,
				D182A67C1BE49DF300AC46E3 /* JRSwizzle.m in Sources */,
				D182A6401BE3A95200AC46E3 /* XBookmarkPreferencesWindowController.m in Sources */,
			);
			runOnlyForDeploymentPostprocessing = 0;
		};
/* End PBXSourcesBuildPhase section */

/* Begin XCBuildConfiguration section */
		D1B081171BB5B471007B4821 /* Debug */ = {
			isa = XCBuildConfiguration;
			buildSettings = {
				ALWAYS_SEARCH_USER_PATHS = NO;
				CLANG_CXX_LANGUAGE_STANDARD = "gnu++0x";
				CLANG_CXX_LIBRARY = "libc++";
				CLANG_ENABLE_MODULES = YES;
				CLANG_ENABLE_OBJC_ARC = YES;
				CLANG_WARN_BOOL_CONVERSION = YES;
				CLANG_WARN_CONSTANT_CONVERSION = YES;
				CLANG_WARN_DIRECT_OBJC_ISA_USAGE = YES_ERROR;
				CLANG_WARN_EMPTY_BODY = YES;
				CLANG_WARN_ENUM_CONVERSION = YES;
				CLANG_WARN_INT_CONVERSION = YES;
				CLANG_WARN_OBJC_ROOT_CLASS = YES_ERROR;
				CLANG_WARN_UNREACHABLE_CODE = YES;
				CLANG_WARN__DUPLICATE_METHOD_MATCH = YES;
				COPY_PHASE_STRIP = NO;
				DEBUG_INFORMATION_FORMAT = dwarf;
				ENABLE_STRICT_OBJC_MSGSEND = YES;
				ENABLE_TESTABILITY = YES;
				GCC_C_LANGUAGE_STANDARD = gnu99;
				GCC_DYNAMIC_NO_PIC = NO;
				GCC_NO_COMMON_BLOCKS = YES;
				GCC_OPTIMIZATION_LEVEL = 0;
				GCC_PREPROCESSOR_DEFINITIONS = (
					"DEBUG=1",
					"$(inherited)",
				);
				GCC_WARN_64_TO_32_BIT_CONVERSION = YES;
				GCC_WARN_ABOUT_RETURN_TYPE = YES_ERROR;
				GCC_WARN_UNDECLARED_SELECTOR = YES;
				GCC_WARN_UNINITIALIZED_AUTOS = YES_AGGRESSIVE;
				GCC_WARN_UNUSED_FUNCTION = YES;
				GCC_WARN_UNUSED_VARIABLE = YES;
				MTL_ENABLE_DEBUG_INFO = YES;
				ONLY_ACTIVE_ARCH = YES;
			};
			name = Debug;
		};
		D1B081181BB5B471007B4821 /* Release */ = {
			isa = XCBuildConfiguration;
			buildSettings = {
				ALWAYS_SEARCH_USER_PATHS = NO;
				CLANG_CXX_LANGUAGE_STANDARD = "gnu++0x";
				CLANG_CXX_LIBRARY = "libc++";
				CLANG_ENABLE_MODULES = YES;
				CLANG_ENABLE_OBJC_ARC = YES;
				CLANG_WARN_BOOL_CONVERSION = YES;
				CLANG_WARN_CONSTANT_CONVERSION = YES;
				CLANG_WARN_DIRECT_OBJC_ISA_USAGE = YES_ERROR;
				CLANG_WARN_EMPTY_BODY = YES;
				CLANG_WARN_ENUM_CONVERSION = YES;
				CLANG_WARN_INT_CONVERSION = YES;
				CLANG_WARN_OBJC_ROOT_CLASS = YES_ERROR;
				CLANG_WARN_UNREACHABLE_CODE = YES;
				CLANG_WARN__DUPLICATE_METHOD_MATCH = YES;
				COPY_PHASE_STRIP = NO;
				DEBUG_INFORMATION_FORMAT = "dwarf-with-dsym";
				ENABLE_NS_ASSERTIONS = NO;
				ENABLE_STRICT_OBJC_MSGSEND = YES;
				GCC_C_LANGUAGE_STANDARD = gnu99;
				GCC_NO_COMMON_BLOCKS = YES;
				GCC_WARN_64_TO_32_BIT_CONVERSION = YES;
				GCC_WARN_ABOUT_RETURN_TYPE = YES_ERROR;
				GCC_WARN_UNDECLARED_SELECTOR = YES;
				GCC_WARN_UNINITIALIZED_AUTOS = YES_AGGRESSIVE;
				GCC_WARN_UNUSED_FUNCTION = YES;
				GCC_WARN_UNUSED_VARIABLE = YES;
				MTL_ENABLE_DEBUG_INFO = NO;
			};
			name = Release;
		};
		D1B0811A1BB5B471007B4821 /* Debug */ = {
			isa = XCBuildConfiguration;
			buildSettings = {
				COMBINE_HIDPI_IMAGES = YES;
				DEPLOYMENT_LOCATION = YES;
				DSTROOT = "$(HOME)";
				FRAMEWORK_SEARCH_PATHS = (
					/Applications/Xcode.app/Contents/OtherFrameworks,
					/Applications/Xcode.app/Contents/Frameworks,
					/Applications/Xcode.app/Contents/SharedFrameworks,
				);
				GCC_PRECOMPILE_PREFIX_HEADER = YES;
				GCC_PREFIX_HEADER = XBookmark/PrefixHeader.pch;
				INFOPLIST_FILE = XBookmark/Info.plist;
				INSTALL_PATH = "/Library/Application Support/Developer/Shared/Xcode/Plug-ins";
				MACOSX_DEPLOYMENT_TARGET = 10.10;
				PRODUCT_BUNDLE_IDENTIFIER = everettjf.XBookmark;
				PRODUCT_NAME = "$(TARGET_NAME)";
				WRAPPER_EXTENSION = xcplugin;
			};
			name = Debug;
		};
		D1B0811B1BB5B471007B4821 /* Release */ = {
			isa = XCBuildConfiguration;
			buildSettings = {
				COMBINE_HIDPI_IMAGES = YES;
				DEPLOYMENT_LOCATION = YES;
				DSTROOT = "$(HOME)";
				FRAMEWORK_SEARCH_PATHS = (
					/Applications/Xcode.app/Contents/OtherFrameworks,
					/Applications/Xcode.app/Contents/Frameworks,
					/Applications/Xcode.app/Contents/SharedFrameworks,
				);
				GCC_PRECOMPILE_PREFIX_HEADER = YES;
				GCC_PREFIX_HEADER = XBookmark/PrefixHeader.pch;
				INFOPLIST_FILE = XBookmark/Info.plist;
				INSTALL_PATH = "/Library/Application Support/Developer/Shared/Xcode/Plug-ins";
				MACOSX_DEPLOYMENT_TARGET = 10.10;
				PRODUCT_BUNDLE_IDENTIFIER = everettjf.XBookmark;
				PRODUCT_NAME = "$(TARGET_NAME)";
				WRAPPER_EXTENSION = xcplugin;
			};
			name = Release;
		};
/* End XCBuildConfiguration section */

/* Begin XCConfigurationList section */
		D1B081001BB5B471007B4821 /* Build configuration list for PBXProject "XBookmark" */ = {
			isa = XCConfigurationList;
			buildConfigurations = (
				D1B081171BB5B471007B4821 /* Debug */,
				D1B081181BB5B471007B4821 /* Release */,
			);
			defaultConfigurationIsVisible = 0;
			defaultConfigurationName = Release;
		};
		D1B081191BB5B471007B4821 /* Build configuration list for PBXNativeTarget "XBookmark" */ = {
			isa = XCConfigurationList;
			buildConfigurations = (
				D1B0811A1BB5B471007B4821 /* Debug */,
				D1B0811B1BB5B471007B4821 /* Release */,
			);
			defaultConfigurationIsVisible = 0;
			defaultConfigurationName = Release;
		};
/* End XCConfigurationList section */
	};
	rootObject = D1B080FD1BB5B471007B4821 /* Project object */;
}
